
Microsoft Visual Studio Solution File, Format Version 12.00
# Visual Studio 15
VisualStudioVersion = 15.0.28307.271
MinimumVisualStudioVersion = 10.0.40219.1
Project("{FAE04EC0-301F-11D3-BF4B-00C04F79EFBC}") = "AlpineSkiHouse", "AlpineSkiHouse\AlpineSkiHouse.csproj", "{86BCCA8F-CE68-468B-A9EF-25F84A66EE14}"
EndProject
Global
	GlobalSection(SolutionConfigurationPlatforms) = preSolution
		Debug|Any CPU = Debug|Any CPU
		Release|Any CPU = Release|Any CPU
	EndGlobalSection
	GlobalSection(ProjectConfigurationPlatforms) = postSolution
		{86BCCA8F-CE68-468B-A9EF-25F84A66EE14}.Debug|Any CPU.ActiveCfg = Debug|Any CPU
		{86BCCA8F-CE68-468B-A9EF-25F84A66EE14}.Debug|Any CPU.Build.0 = Debug|Any CPU
		{86BCCA8F-CE68-468B-A9EF-25F84A66EE14}.Release|Any CPU.ActiveCfg = Release|Any CPU
		{86BCCA8F-CE68-468B-A9EF-25F84A66EE14}.Release|Any CPU.Build.0 = Release|Any CPU
	EndGlobalSection
	GlobalSection(SolutionProperties) = preSolution
		HideSolutionNode = FALSE
	EndGlobalSection
	GlobalSection(ExtensibilityGlobals) = postSolution
		SolutionGuid = {BB94BD69-8A73-47DF-9777-43F88B69926A}
	EndGlobalSection
EndGlobal
